// !$*UTF8*$!
{
	archiveVersion = 1;
	classes = {
	};
	objectVersion = 55;
	objects = {

/* Begin PBXBuildFile section */
		2B0A9951275DFA3400DFB46F /* main.swift in Sources */ = {isa = PBXBuildFile; fileRef = 2B0A9950275DFA3400DFB46F /* main.swift */; };
		2B0A9959275DFAE200DFB46F /* Algorithms in Frameworks */ = {isa = PBXBuildFile; productRef = 2B0A9958275DFAE200DFB46F /* Algorithms */; };
		2B0A996A275E4AFD00DFB46F /* Queue.swift in Sources */ = {isa = PBXBuildFile; fileRef = 2B0A9969275E4AFD00DFB46F /* Queue.swift */; };
		2B0A996C275E4C3700DFB46F /* HeapPriorityQueue.swift in Sources */ = {isa = PBXBuildFile; fileRef = 2B0A996B275E4C3700DFB46F /* HeapPriorityQueue.swift */; };
		2B9E3339275F135200109C88 /* XCTest.framework in Frameworks */ = {isa = PBXBuildFile; fileRef = 2B9E3338275F135200109C88 /* XCTest.framework */; platformFilter = maccatalyst; };
		2B9E333A275F135200109C88 /* XCTest.framework in Embed Frameworks */ = {isa = PBXBuildFile; fileRef = 2B9E3338275F135200109C88 /* XCTest.framework */; settings = {ATTRIBUTES = (CodeSignOnCopy, RemoveHeadersOnCopy, ); }; };
		2B9E3348275F153E00109C88 /* HeapPriorityQueueTests.swift in Sources */ = {isa = PBXBuildFile; fileRef = 2B9E3347275F153E00109C88 /* HeapPriorityQueueTests.swift */; };
		2B9E3349275F154D00109C88 /* HeapPriorityQueue.swift in Sources */ = {isa = PBXBuildFile; fileRef = 2B0A996B275E4C3700DFB46F /* HeapPriorityQueue.swift */; };
		2B9E334A275F155000109C88 /* Queue.swift in Sources */ = {isa = PBXBuildFile; fileRef = 2B0A9969275E4AFD00DFB46F /* Queue.swift */; };
/* End PBXBuildFile section */

/* Begin PBXCopyFilesBuildPhase section */
		2B0A994B275DFA3400DFB46F /* CopyFiles */ = {
			isa = PBXCopyFilesBuildPhase;
			buildActionMask = 2147483647;
			dstPath = /usr/share/man/man1/;
			dstSubfolderSpec = 0;
			files = (
			);
			runOnlyForDeploymentPostprocessing = 1;
		};
		2B9E333B275F135200109C88 /* Embed Frameworks */ = {
			isa = PBXCopyFilesBuildPhase;
			buildActionMask = 2147483647;
			dstPath = "";
			dstSubfolderSpec = 10;
			files = (
				2B9E333A275F135200109C88 /* XCTest.framework in Embed Frameworks */,
			);
			name = "Embed Frameworks";
			runOnlyForDeploymentPostprocessing = 0;
		};
/* End PBXCopyFilesBuildPhase section */

/* Begin PBXFileReference section */
		2B0A994D275DFA3400DFB46F /* AlgorithmsPractice */ = {isa = PBXFileReference; explicitFileType = "compiled.mach-o.executable"; includeInIndex = 0; path = AlgorithmsPractice; sourceTree = BUILT_PRODUCTS_DIR; };
		2B0A9950275DFA3400DFB46F /* main.swift */ = {isa = PBXFileReference; lastKnownFileType = sourcecode.swift; path = main.swift; sourceTree = "<group>"; };
		2B0A9969275E4AFD00DFB46F /* Queue.swift */ = {isa = PBXFileReference; lastKnownFileType = sourcecode.swift; path = Queue.swift; sourceTree = "<group>"; };
		2B0A996B275E4C3700DFB46F /* HeapPriorityQueue.swift */ = {isa = PBXFileReference; lastKnownFileType = sourcecode.swift; path = HeapPriorityQueue.swift; sourceTree = "<group>"; };
		2B9E3338275F135200109C88 /* XCTest.framework */ = {isa = PBXFileReference; lastKnownFileType = wrapper.framework; name = XCTest.framework; path = Platforms/MacOSX.platform/Developer/Library/Frameworks/XCTest.framework; sourceTree = DEVELOPER_DIR; };
		2B9E3340275F150900109C88 /* AlgorithmsPracticeTests.xctest */ = {isa = PBXFileReference; explicitFileType = wrapper.cfbundle; includeInIndex = 0; path = AlgorithmsPracticeTests.xctest; sourceTree = BUILT_PRODUCTS_DIR; };
		2B9E3347275F153E00109C88 /* HeapPriorityQueueTests.swift */ = {isa = PBXFileReference; fileEncoding = 4; lastKnownFileType = sourcecode.swift; path = HeapPriorityQueueTests.swift; sourceTree = "<group>"; };
/* End PBXFileReference section */

/* Begin PBXFrameworksBuildPhase section */
		2B0A994A275DFA3400DFB46F /* Frameworks */ = {
			isa = PBXFrameworksBuildPhase;
			buildActionMask = 2147483647;
			files = (
				2B0A9959275DFAE200DFB46F /* Algorithms in Frameworks */,
				2B9E3339275F135200109C88 /* XCTest.framework in Frameworks */,
			);
			runOnlyForDeploymentPostprocessing = 0;
		};
		2B9E333D275F150900109C88 /* Frameworks */ = {
			isa = PBXFrameworksBuildPhase;
			buildActionMask = 2147483647;
			files = (
			);
			runOnlyForDeploymentPostprocessing = 0;
		};
/* End PBXFrameworksBuildPhase section */

/* Begin PBXGroup section */
		2B0A9944275DFA3400DFB46F = {
			isa = PBXGroup;
			children = (
				2B0A994F275DFA3400DFB46F /* AlgorithmsPractice */,
				2B9E3341275F150900109C88 /* AlgorithmsPracticeTests */,
				2B0A994E275DFA3400DFB46F /* Products */,
				2B9E330F275F035300109C88 /* Frameworks */,
			);
			sourceTree = "<group>";
		};
		2B0A994E275DFA3400DFB46F /* Products */ = {
			isa = PBXGroup;
			children = (
				2B0A994D275DFA3400DFB46F /* AlgorithmsPractice */,
				2B9E3340275F150900109C88 /* AlgorithmsPracticeTests.xctest */,
			);
			name = Products;
			sourceTree = "<group>";
		};
		2B0A994F275DFA3400DFB46F /* AlgorithmsPractice */ = {
			isa = PBXGroup;
			children = (
				2B0A9950275DFA3400DFB46F /* main.swift */,
				2B0A9965275DFE8900DFB46F /* DataStructure  */,
			);
			path = AlgorithmsPractice;
			sourceTree = "<group>";
		};
		2B0A9965275DFE8900DFB46F /* DataStructure  */ = {
			isa = PBXGroup;
			children = (
				2B0A9969275E4AFD00DFB46F /* Queue.swift */,
				2B0A996B275E4C3700DFB46F /* HeapPriorityQueue.swift */,
			);
			path = "DataStructure ";
			sourceTree = "<group>";
		};
		2B9E330F275F035300109C88 /* Frameworks */ = {
			isa = PBXGroup;
			children = (
				2B9E3338275F135200109C88 /* XCTest.framework */,
			);
			name = Frameworks;
			sourceTree = "<group>";
		};
		2B9E3341275F150900109C88 /* AlgorithmsPracticeTests */ = {
			isa = PBXGroup;
			children = (
				2B9E3347275F153E00109C88 /* HeapPriorityQueueTests.swift */,
			);
			path = AlgorithmsPracticeTests;
			sourceTree = "<group>";
		};
/* End PBXGroup section */

/* Begin PBXNativeTarget section */
		2B0A994C275DFA3400DFB46F /* AlgorithmsPractice */ = {
			isa = PBXNativeTarget;
			buildConfigurationList = 2B0A9954275DFA3400DFB46F /* Build configuration list for PBXNativeTarget "AlgorithmsPractice" */;
			buildPhases = (
				2B0A9949275DFA3400DFB46F /* Sources */,
				2B0A994A275DFA3400DFB46F /* Frameworks */,
				2B0A994B275DFA3400DFB46F /* CopyFiles */,
				2B9E333B275F135200109C88 /* Embed Frameworks */,
			);
			buildRules = (
			);
			dependencies = (
			);
			name = AlgorithmsPractice;
			packageProductDependencies = (
				2B0A9958275DFAE200DFB46F /* Algorithms */,
			);
			productName = AlgorithmsPractice;
			productReference = 2B0A994D275DFA3400DFB46F /* AlgorithmsPractice */;
			productType = "com.apple.product-type.tool";
		};
		2B9E333F275F150900109C88 /* AlgorithmsPracticeTests */ = {
			isa = PBXNativeTarget;
			buildConfigurationList = 2B9E3346275F150900109C88 /* Build configuration list for PBXNativeTarget "AlgorithmsPracticeTests" */;
			buildPhases = (
				2B9E333C275F150900109C88 /* Sources */,
				2B9E333D275F150900109C88 /* Frameworks */,
				2B9E333E275F150900109C88 /* Resources */,
			);
			buildRules = (
			);
			dependencies = (
			);
			name = AlgorithmsPracticeTests;
			productName = AlgorithmsPracticeTests;
			productReference = 2B9E3340275F150900109C88 /* AlgorithmsPracticeTests.xctest */;
			productType = "com.apple.product-type.bundle.unit-test";
		};
/* End PBXNativeTarget section */

/* Begin PBXProject section */
		2B0A9945275DFA3400DFB46F /* Project object */ = {
			isa = PBXProject;
			attributes = {
				BuildIndependentTargetsInParallel = 1;
				LastSwiftUpdateCheck = 1310;
				LastUpgradeCheck = 1310;
				TargetAttributes = {
					2B0A994C275DFA3400DFB46F = {
						CreatedOnToolsVersion = 13.1;
					};
					2B9E333F275F150900109C88 = {
						CreatedOnToolsVersion = 13.1;
						LastSwiftMigration = 1310;
					};
				};
			};
			buildConfigurationList = 2B0A9948275DFA3400DFB46F /* Build configuration list for PBXProject "AlgorithmsPractice" */;
			compatibilityVersion = "Xcode 13.0";
			developmentRegion = en;
			hasScannedForEncodings = 0;
			knownRegions = (
				en,
				Base,
			);
			mainGroup = 2B0A9944275DFA3400DFB46F;
			packageReferences = (
				2B0A9957275DFAE200DFB46F /* XCRemoteSwiftPackageReference "swift-algorithms" */,
			);
			productRefGroup = 2B0A994E275DFA3400DFB46F /* Products */;
			projectDirPath = "";
			projectRoot = "";
			targets = (
				2B0A994C275DFA3400DFB46F /* AlgorithmsPractice */,
				2B9E333F275F150900109C88 /* AlgorithmsPracticeTests */,
			);
		};
/* End PBXProject section */

/* Begin PBXResourcesBuildPhase section */
		2B9E333E275F150900109C88 /* Resources */ = {
			isa = PBXResourcesBuildPhase;
			buildActionMask = 2147483647;
			files = (
			);
			runOnlyForDeploymentPostprocessing = 0;
		};
/* End PBXResourcesBuildPhase section */

/* Begin PBXSourcesBuildPhase section */
		2B0A9949275DFA3400DFB46F /* Sources */ = {
			isa = PBXSourcesBuildPhase;
			buildActionMask = 2147483647;
			files = (
				2B0A9951275DFA3400DFB46F /* main.swift in Sources */,
				2B0A996A275E4AFD00DFB46F /* Queue.swift in Sources */,
				2B0A996C275E4C3700DFB46F /* HeapPriorityQueue.swift in Sources */,
			);
			runOnlyForDeploymentPostprocessing = 0;
		};
		2B9E333C275F150900109C88 /* Sources */ = {
			isa = PBXSourcesBuildPhase;
			buildActionMask = 2147483647;
			files = (
				2B9E3348275F153E00109C88 /* HeapPriorityQueueTests.swift in Sources */,
				2B9E334A275F155000109C88 /* Queue.swift in Sources */,
				2B9E3349275F154D00109C88 /* HeapPriorityQueue.swift in Sources */,
			);
			runOnlyForDeploymentPostprocessing = 0;
		};
/* End PBXSourcesBuildPhase section */

/* Begin XCBuildConfiguration section */
		2B0A9952275DFA3400DFB46F /* Debug */ = {
			isa = XCBuildConfiguration;
			buildSettings = {
				ALWAYS_SEARCH_USER_PATHS = NO;
				CLANG_ANALYZER_NONNULL = YES;
				CLANG_ANALYZER_NUMBER_OBJECT_CONVERSION = YES_AGGRESSIVE;
				CLANG_CXX_LANGUAGE_STANDARD = "gnu++17";
				CLANG_CXX_LIBRARY = "libc++";
				CLANG_ENABLE_MODULES = YES;
				CLANG_ENABLE_OBJC_ARC = YES;
				CLANG_ENABLE_OBJC_WEAK = YES;
				CLANG_WARN_BLOCK_CAPTURE_AUTORELEASING = YES;
				CLANG_WARN_BOOL_CONVERSION = YES;
				CLANG_WARN_COMMA = YES;
				CLANG_WARN_CONSTANT_CONVERSION = YES;
				CLANG_WARN_DEPRECATED_OBJC_IMPLEMENTATIONS = YES;
				CLANG_WARN_DIRECT_OBJC_ISA_USAGE = YES_ERROR;
				CLANG_WARN_DOCUMENTATION_COMMENTS = YES;
				CLANG_WARN_EMPTY_BODY = YES;
				CLANG_WARN_ENUM_CONVERSION = YES;
				CLANG_WARN_INFINITE_RECURSION = YES;
				CLANG_WARN_INT_CONVERSION = YES;
				CLANG_WARN_NON_LITERAL_NULL_CONVERSION = YES;
				CLANG_WARN_OBJC_IMPLICIT_RETAIN_SELF = YES;
				CLANG_WARN_OBJC_LITERAL_CONVERSION = YES;
				CLANG_WARN_OBJC_ROOT_CLASS = YES_ERROR;
				CLANG_WARN_QUOTED_INCLUDE_IN_FRAMEWORK_HEADER = YES;
				CLANG_WARN_RANGE_LOOP_ANALYSIS = YES;
				CLANG_WARN_STRICT_PROTOTYPES = YES;
				CLANG_WARN_SUSPICIOUS_MOVE = YES;
				CLANG_WARN_UNGUARDED_AVAILABILITY = YES_AGGRESSIVE;
				CLANG_WARN_UNREACHABLE_CODE = YES;
				CLANG_WARN__DUPLICATE_METHOD_MATCH = YES;
				COPY_PHASE_STRIP = NO;
				DEBUG_INFORMATION_FORMAT = dwarf;
				ENABLE_STRICT_OBJC_MSGSEND = YES;
				ENABLE_TESTABILITY = YES;
				GCC_C_LANGUAGE_STANDARD = gnu11;
				GCC_DYNAMIC_NO_PIC = NO;
				GCC_NO_COMMON_BLOCKS = YES;
				GCC_OPTIMIZATION_LEVEL = 0;
				GCC_PREPROCESSOR_DEFINITIONS = (
					"DEBUG=1",
					"$(inherited)",
				);
				GCC_WARN_64_TO_32_BIT_CONVERSION = YES;
				GCC_WARN_ABOUT_RETURN_TYPE = YES_ERROR;
				GCC_WARN_UNDECLARED_SELECTOR = YES;
				GCC_WARN_UNINITIALIZED_AUTOS = YES_AGGRESSIVE;
				GCC_WARN_UNUSED_FUNCTION = YES;
				GCC_WARN_UNUSED_VARIABLE = YES;
				MACOSX_DEPLOYMENT_TARGET = 12.0;
				MTL_ENABLE_DEBUG_INFO = INCLUDE_SOURCE;
				MTL_FAST_MATH = YES;
				ONLY_ACTIVE_ARCH = YES;
				SDKROOT = macosx;
				SWIFT_ACTIVE_COMPILATION_CONDITIONS = DEBUG;
				SWIFT_OPTIMIZATION_LEVEL = "-Onone";
			};
			name = Debug;
		};
		2B0A9953275DFA3400DFB46F /* Release */ = {
			isa = XCBuildConfiguration;
			buildSettings = {
				ALWAYS_SEARCH_USER_PATHS = NO;
				CLANG_ANALYZER_NONNULL = YES;
				CLANG_ANALYZER_NUMBER_OBJECT_CONVERSION = YES_AGGRESSIVE;
				CLANG_CXX_LANGUAGE_STANDARD = "gnu++17";
				CLANG_CXX_LIBRARY = "libc++";
				CLANG_ENABLE_MODULES = YES;
				CLANG_ENABLE_OBJC_ARC = YES;
				CLANG_ENABLE_OBJC_WEAK = YES;
				CLANG_WARN_BLOCK_CAPTURE_AUTORELEASING = YES;
				CLANG_WARN_BOOL_CONVERSION = YES;
				CLANG_WARN_COMMA = YES;
				CLANG_WARN_CONSTANT_CONVERSION = YES;
				CLANG_WARN_DEPRECATED_OBJC_IMPLEMENTATIONS = YES;
				CLANG_WARN_DIRECT_OBJC_ISA_USAGE = YES_ERROR;
				CLANG_WARN_DOCUMENTATION_COMMENTS = YES;
				CLANG_WARN_EMPTY_BODY = YES;
				CLANG_WARN_ENUM_CONVERSION = YES;
				CLANG_WARN_INFINITE_RECURSION = YES;
				CLANG_WARN_INT_CONVERSION = YES;
				CLANG_WARN_NON_LITERAL_NULL_CONVERSION = YES;
				CLANG_WARN_OBJC_IMPLICIT_RETAIN_SELF = YES;
				CLANG_WARN_OBJC_LITERAL_CONVERSION = YES;
				CLANG_WARN_OBJC_ROOT_CLASS = YES_ERROR;
				CLANG_WARN_QUOTED_INCLUDE_IN_FRAMEWORK_HEADER = YES;
				CLANG_WARN_RANGE_LOOP_ANALYSIS = YES;
				CLANG_WARN_STRICT_PROTOTYPES = YES;
				CLANG_WARN_SUSPICIOUS_MOVE = YES;
				CLANG_WARN_UNGUARDED_AVAILABILITY = YES_AGGRESSIVE;
				CLANG_WARN_UNREACHABLE_CODE = YES;
				CLANG_WARN__DUPLICATE_METHOD_MATCH = YES;
				COPY_PHASE_STRIP = NO;
				DEBUG_INFORMATION_FORMAT = "dwarf-with-dsym";
				ENABLE_NS_ASSERTIONS = NO;
				ENABLE_STRICT_OBJC_MSGSEND = YES;
				GCC_C_LANGUAGE_STANDARD = gnu11;
				GCC_NO_COMMON_BLOCKS = YES;
				GCC_WARN_64_TO_32_BIT_CONVERSION = YES;
				GCC_WARN_ABOUT_RETURN_TYPE = YES_ERROR;
				GCC_WARN_UNDECLARED_SELECTOR = YES;
				GCC_WARN_UNINITIALIZED_AUTOS = YES_AGGRESSIVE;
				GCC_WARN_UNUSED_FUNCTION = YES;
				GCC_WARN_UNUSED_VARIABLE = YES;
				MACOSX_DEPLOYMENT_TARGET = 12.0;
				MTL_ENABLE_DEBUG_INFO = NO;
				MTL_FAST_MATH = YES;
				SDKROOT = macosx;
				SWIFT_COMPILATION_MODE = wholemodule;
				SWIFT_OPTIMIZATION_LEVEL = "-O";
			};
			name = Release;
		};
		2B0A9955275DFA3400DFB46F /* Debug */ = {
			isa = XCBuildConfiguration;
			buildSettings = {
				CODE_SIGN_STYLE = Automatic;
				DEVELOPMENT_TEAM = VY3GLCGK98;
				ENABLE_HARDENED_RUNTIME = YES;
				PRODUCT_NAME = "$(TARGET_NAME)";
				SWIFT_VERSION = 5.0;
			};
			name = Debug;
		};
		2B0A9956275DFA3400DFB46F /* Release */ = {
			isa = XCBuildConfiguration;
			buildSettings = {
				CODE_SIGN_STYLE = Automatic;
				DEVELOPMENT_TEAM = VY3GLCGK98;
				ENABLE_HARDENED_RUNTIME = YES;
				PRODUCT_NAME = "$(TARGET_NAME)";
				SWIFT_VERSION = 5.0;
			};
			name = Release;
		};
		2B9E3344275F150900109C88 /* Debug */ = {
			isa = XCBuildConfiguration;
			buildSettings = {
				CLANG_ENABLE_MODULES = YES;
				CODE_SIGN_STYLE = Automatic;
				COMBINE_HIDPI_IMAGES = YES;
				CURRENT_PROJECT_VERSION = 1;
				DEVELOPMENT_TEAM = VY3GLCGK98;
				GENERATE_INFOPLIST_FILE = YES;
				LD_RUNPATH_SEARCH_PATHS = (
					"$(inherited)",
					"@executable_path/../Frameworks",
					"@loader_path/../Frameworks",
				);
				MARKETING_VERSION = 1.0;
				PRODUCT_BUNDLE_IDENTIFIER = com.yukun.best.AlgorithmsPracticeTests;
				PRODUCT_NAME = "$(TARGET_NAME)";
				SWIFT_EMIT_LOC_STRINGS = NO;
				SWIFT_OPTIMIZATION_LEVEL = "-Onone";
				SWIFT_VERSION = 5.0;
			};
			name = Debug;
		};
		2B9E3345275F150900109C88 /* Release */ = {
			isa = XCBuildConfiguration;
			buildSettings = {
				CLANG_ENABLE_MODULES = YES;
				CODE_SIGN_STYLE = Automatic;
				COMBINE_HIDPI_IMAGES = YES;
				CURRENT_PROJECT_VERSION = 1;
				DEVELOPMENT_TEAM = VY3GLCGK98;
				GENERATE_INFOPLIST_FILE = YES;
				LD_RUNPATH_SEARCH_PATHS = (
					"$(inherited)",
					"@executable_path/../Frameworks",
					"@loader_path/../Frameworks",
				);
				MARKETING_VERSION = 1.0;
				PRODUCT_BUNDLE_IDENTIFIER = com.yukun.best.AlgorithmsPracticeTests;
				PRODUCT_NAME = "$(TARGET_NAME)";
				SWIFT_EMIT_LOC_STRINGS = NO;
				SWIFT_VERSION = 5.0;
			};
			name = Release;
		};
/* End XCBuildConfiguration section */

/* Begin XCConfigurationList section */
		2B0A9948275DFA3400DFB46F /* Build configuration list for PBXProject "AlgorithmsPractice" */ = {
			isa = XCConfigurationList;
			buildConfigurations = (
				2B0A9952275DFA3400DFB46F /* Debug */,
				2B0A9953275DFA3400DFB46F /* Release */,
			);
			defaultConfigurationIsVisible = 0;
			defaultConfigurationName = Release;
		};
		2B0A9954275DFA3400DFB46F /* Build configuration list for PBXNativeTarget "AlgorithmsPractice" */ = {
			isa = XCConfigurationList;
			buildConfigurations = (
				2B0A9955275DFA3400DFB46F /* Debug */,
				2B0A9956275DFA3400DFB46F /* Release */,
			);
			defaultConfigurationIsVisible = 0;
			defaultConfigurationName = Release;
		};
		2B9E3346275F150900109C88 /* Build configuration list for PBXNativeTarget "AlgorithmsPracticeTests" */ = {
			isa = XCConfigurationList;
			buildConfigurations = (
				2B9E3344275F150900109C88 /* Debug */,
				2B9E3345275F150900109C88 /* Release */,
			);
			defaultConfigurationIsVisible = 0;
			defaultConfigurationName = Release;
		};
/* End XCConfigurationList section */

/* Begin XCRemoteSwiftPackageReference section */
		2B0A9957275DFAE200DFB46F /* XCRemoteSwiftPackageReference "swift-algorithms" */ = {
			isa = XCRemoteSwiftPackageReference;
			repositoryURL = "https://github.com/apple/swift-algorithms.git";
			requirement = {
				kind = upToNextMajorVersion;
				minimumVersion = 1.0.0;
			};
		};
/* End XCRemoteSwiftPackageReference section */

/* Begin XCSwiftPackageProductDependency section */
		2B0A9958275DFAE200DFB46F /* Algorithms */ = {
			isa = XCSwiftPackageProductDependency;
			package = 2B0A9957275DFAE200DFB46F /* XCRemoteSwiftPackageReference "swift-algorithms" */;
			productName = Algorithms;
		};
/* End XCSwiftPackageProductDependency section */
	};
	rootObject = 2B0A9945275DFA3400DFB46F /* Project object */;
}
